{
    "requires": true,
    "lockfileVersion": 1,
    "dependencies": {
        "@fortawesome/fontawesome-free": {
            "version": "5.12.1",
            "resolved": "https://registry.npmjs.org/@fortawesome/fontawesome-free/-/fontawesome-free-5.12.1.tgz",
            "integrity": "sha512-ZtjIIFplxncqxvogq148C3hBLQE+W3iJ8E4UvJ09zIJUgzwLcROsWwFDErVSXY2Plzao5J9KUYNHKHMEUYDMKw=="
        },
        "icheck-bootstrap": {
            "version": "3.0.1",
            "resolved": "https://registry.npmjs.org/icheck-bootstrap/-/icheck-bootstrap-3.0.1.tgz",
            "integrity": "sha512-Rj3SybdcMcayhsP4IJ+hmCNgCKclaFcs/5zwCuLXH1WMo468NegjhZVxbSNKhEjJjnwc4gKETogUmPYSQ9lEZQ=="
        },
        "overlayscrollbars": {
            "version": "1.10.3",
            "resolved": "https://registry.npmjs.org/overlayscrollbars/-/overlayscrollbars-1.10.3.tgz",
            "integrity": "sha512-iSxRC7DZ5XJwAZp5FKCz1vJaq+OleHjVAXAhC2Ea7ZXcYS4WbUKaHT+QYjHbEwBiJqm6bOEEfIbt3KR5MBentQ=="
        }
    }
}
